
Microsoft Visual Studio Solution File, Format Version 12.00
# Visual Studio Version 16
VisualStudioVersion = 16.0.29503.13
MinimumVisualStudioVersion = 10.0.40219.1
Project("{2150E333-8FDC-42A3-9474-1A3956D46DE8}") = "1- Aplicação", "1- Aplicação", "{F0F15E45-FAFC-4370-B4DC-FF4F775B0E4E}"
EndProject
Project("{9A19103F-16F7-4668-BE54-9A1E7A4F7556}") = "TDEAplicacao", "TDEAplicacao\TDEAplicacao.csproj", "{63A99809-4387-40EF-ABE5-1F0350824B52}"
EndProject
Project("{2150E333-8FDC-42A3-9474-1A3956D46DE8}") = "2- Dominio", "2- Dominio", "{7DBE67E5-3C66-46E2-B8A2-55A751BE047E}"
EndProject
Project("{2150E333-8FDC-42A3-9474-1A3956D46DE8}") = "3- Serviço", "3- Serviço", "{A13D2416-C306-4E1C-AEFB-5618652D422F}"
EndProject
Project("{2150E333-8FDC-42A3-9474-1A3956D46DE8}") = "4- Infra", "4- Infra", "{3CB1E0E6-0E23-4572-B04B-3A1D2993B0F0}"
EndProject
Project("{2150E333-8FDC-42A3-9474-1A3956D46DE8}") = "Data", "Data", "{55AE0366-C21E-46E8-9002-6CFDCF6E6A3A}"
EndProject
Project("{9A19103F-16F7-4668-BE54-9A1E7A4F7556}") = "TDEDominio", "TDEDominio\TDEDominio.csproj", "{5445AB1F-7646-4689-9DCB-0429C29DBB31}"
EndProject
Project("{9A19103F-16F7-4668-BE54-9A1E7A4F7556}") = "TDEServico", "TDEServico\TDEServico.csproj", "{168C5FAF-AA26-4C5A-BB94-52112ACA6656}"
EndProject
Project("{9A19103F-16F7-4668-BE54-9A1E7A4F7556}") = "TDEInfraData", "TDEInfraData\TDEInfraData.csproj", "{3E2E0206-CDA2-4C10-8027-75E8746E9F9B}"
EndProject
Project("{2150E333-8FDC-42A3-9474-1A3956D46DE8}") = "0 - webapi", "0 - webapi", "{4EEB41B7-09DB-4157-B0FB-D9AE7CCD9441}"
EndProject
Project("{9A19103F-16F7-4668-BE54-9A1E7A4F7556}") = "TDEApi", "TDEApi\TDEApi.csproj", "{DF6F1868-92BF-4F17-A169-1ED29D6D7EB0}"
EndProject
Project("{2150E333-8FDC-42A3-9474-1A3956D46DE8}") = "0 - api", "0 - api", "{602C6483-31CA-4B4D-B9DD-56F0AE91B2A2}"
EndProject
Project("{9A19103F-16F7-4668-BE54-9A1E7A4F7556}") = "WebApplication1", "WebApplication1\WebApplication1.csproj", "{FC82B7A8-C358-452F-9973-528675BA1E07}"
EndProject
Project("{9A19103F-16F7-4668-BE54-9A1E7A4F7556}") = "APITeste", "APITeste\APITeste.csproj", "{FAAD7CC5-1BED-42CF-8F49-D199DB61329D}"
EndProject
Project("{2150E333-8FDC-42A3-9474-1A3956D46DE8}") = "CrossCutting", "CrossCutting", "{328C22D2-9C27-4B56-AA7A-D5AC8CD4B2A5}"
EndProject
Project("{FAE04EC0-301F-11D3-BF4B-00C04F79EFBC}") = "TDEInfraCrossCutting", "TDEInfraCrossCutting\TDEInfraCrossCutting.csproj", "{02B1C5A9-0CDA-4005-B5D4-7FA5884F4C66}"
EndProject
Global
	GlobalSection(SolutionConfigurationPlatforms) = preSolution
		Debug|Any CPU = Debug|Any CPU
		Release|Any CPU = Release|Any CPU
	EndGlobalSection
	GlobalSection(ProjectConfigurationPlatforms) = postSolution
		{63A99809-4387-40EF-ABE5-1F0350824B52}.Debug|Any CPU.ActiveCfg = Debug|Any CPU
		{63A99809-4387-40EF-ABE5-1F0350824B52}.Debug|Any CPU.Build.0 = Debug|Any CPU
		{63A99809-4387-40EF-ABE5-1F0350824B52}.Release|Any CPU.ActiveCfg = Release|Any CPU
		{63A99809-4387-40EF-ABE5-1F0350824B52}.Release|Any CPU.Build.0 = Release|Any CPU
		{5445AB1F-7646-4689-9DCB-0429C29DBB31}.Debug|Any CPU.ActiveCfg = Debug|Any CPU
		{5445AB1F-7646-4689-9DCB-0429C29DBB31}.Debug|Any CPU.Build.0 = Debug|Any CPU
		{5445AB1F-7646-4689-9DCB-0429C29DBB31}.Release|Any CPU.ActiveCfg = Release|Any CPU
		{5445AB1F-7646-4689-9DCB-0429C29DBB31}.Release|Any CPU.Build.0 = Release|Any CPU
		{168C5FAF-AA26-4C5A-BB94-52112ACA6656}.Debug|Any CPU.ActiveCfg = Debug|Any CPU
		{168C5FAF-AA26-4C5A-BB94-52112ACA6656}.Debug|Any CPU.Build.0 = Debug|Any CPU
		{168C5FAF-AA26-4C5A-BB94-52112ACA6656}.Release|Any CPU.ActiveCfg = Release|Any CPU
		{168C5FAF-AA26-4C5A-BB94-52112ACA6656}.Release|Any CPU.Build.0 = Release|Any CPU
		{3E2E0206-CDA2-4C10-8027-75E8746E9F9B}.Debug|Any CPU.ActiveCfg = Debug|Any CPU
		{3E2E0206-CDA2-4C10-8027-75E8746E9F9B}.Debug|Any CPU.Build.0 = Debug|Any CPU
		{3E2E0206-CDA2-4C10-8027-75E8746E9F9B}.Release|Any CPU.ActiveCfg = Release|Any CPU
		{3E2E0206-CDA2-4C10-8027-75E8746E9F9B}.Release|Any CPU.Build.0 = Release|Any CPU
		{DF6F1868-92BF-4F17-A169-1ED29D6D7EB0}.Debug|Any CPU.ActiveCfg = Debug|Any CPU
		{DF6F1868-92BF-4F17-A169-1ED29D6D7EB0}.Debug|Any CPU.Build.0 = Debug|Any CPU
		{DF6F1868-92BF-4F17-A169-1ED29D6D7EB0}.Release|Any CPU.ActiveCfg = Release|Any CPU
		{DF6F1868-92BF-4F17-A169-1ED29D6D7EB0}.Release|Any CPU.Build.0 = Release|Any CPU
		{FC82B7A8-C358-452F-9973-528675BA1E07}.Debug|Any CPU.ActiveCfg = Debug|Any CPU
		{FC82B7A8-C358-452F-9973-528675BA1E07}.Debug|Any CPU.Build.0 = Debug|Any CPU
		{FC82B7A8-C358-452F-9973-528675BA1E07}.Release|Any CPU.ActiveCfg = Release|Any CPU
		{FC82B7A8-C358-452F-9973-528675BA1E07}.Release|Any CPU.Build.0 = Release|Any CPU
		{FAAD7CC5-1BED-42CF-8F49-D199DB61329D}.Debug|Any CPU.ActiveCfg = Debug|Any CPU
		{FAAD7CC5-1BED-42CF-8F49-D199DB61329D}.Debug|Any CPU.Build.0 = Debug|Any CPU
		{FAAD7CC5-1BED-42CF-8F49-D199DB61329D}.Release|Any CPU.ActiveCfg = Release|Any CPU
		{FAAD7CC5-1BED-42CF-8F49-D199DB61329D}.Release|Any CPU.Build.0 = Release|Any CPU
		{02B1C5A9-0CDA-4005-B5D4-7FA5884F4C66}.Debug|Any CPU.ActiveCfg = Debug|Any CPU
		{02B1C5A9-0CDA-4005-B5D4-7FA5884F4C66}.Debug|Any CPU.Build.0 = Debug|Any CPU
		{02B1C5A9-0CDA-4005-B5D4-7FA5884F4C66}.Release|Any CPU.ActiveCfg = Release|Any CPU
		{02B1C5A9-0CDA-4005-B5D4-7FA5884F4C66}.Release|Any CPU.Build.0 = Release|Any CPU
	EndGlobalSection
	GlobalSection(SolutionProperties) = preSolution
		HideSolutionNode = FALSE
	EndGlobalSection
	GlobalSection(NestedProjects) = preSolution
		{63A99809-4387-40EF-ABE5-1F0350824B52} = {F0F15E45-FAFC-4370-B4DC-FF4F775B0E4E}
		{55AE0366-C21E-46E8-9002-6CFDCF6E6A3A} = {3CB1E0E6-0E23-4572-B04B-3A1D2993B0F0}
		{5445AB1F-7646-4689-9DCB-0429C29DBB31} = {7DBE67E5-3C66-46E2-B8A2-55A751BE047E}
		{168C5FAF-AA26-4C5A-BB94-52112ACA6656} = {A13D2416-C306-4E1C-AEFB-5618652D422F}
		{3E2E0206-CDA2-4C10-8027-75E8746E9F9B} = {55AE0366-C21E-46E8-9002-6CFDCF6E6A3A}
		{DF6F1868-92BF-4F17-A169-1ED29D6D7EB0} = {4EEB41B7-09DB-4157-B0FB-D9AE7CCD9441}
		{FC82B7A8-C358-452F-9973-528675BA1E07} = {602C6483-31CA-4B4D-B9DD-56F0AE91B2A2}
		{FAAD7CC5-1BED-42CF-8F49-D199DB61329D} = {A13D2416-C306-4E1C-AEFB-5618652D422F}
		{328C22D2-9C27-4B56-AA7A-D5AC8CD4B2A5} = {3CB1E0E6-0E23-4572-B04B-3A1D2993B0F0}
		{02B1C5A9-0CDA-4005-B5D4-7FA5884F4C66} = {328C22D2-9C27-4B56-AA7A-D5AC8CD4B2A5}
	EndGlobalSection
	GlobalSection(ExtensibilityGlobals) = postSolution
		SolutionGuid = {4D6A2836-8A7E-47ED-9C3E-97652B9F0FEB}
	EndGlobalSection
EndGlobal
